
Microsoft Visual Studio Solution File, Format Version 12.00
# Visual Studio Version 17
VisualStudioVersion = 17.7.34024.191
MinimumVisualStudioVersion = 10.0.40219.1
Project("{FAE04EC0-301F-11D3-BF4B-00C04F79EFBC}") = "LAB7", "LAB7\LAB7.csproj", "{D6572909-A858-45FC-9E27-CD6322744EA2}"
EndProject
Project("{FAE04EC0-301F-11D3-BF4B-00C04F79EFBC}") = "MyClassLib", "MyClassLib\MyClassLib.csproj", "{D6003037-32D2-45B2-8E68-C77DF181268E}"
EndProject
Global
	GlobalSection(SolutionConfigurationPlatforms) = preSolution
		Debug|Any CPU = Debug|Any CPU
		Release|Any CPU = Release|Any CPU
	EndGlobalSection
	GlobalSection(ProjectConfigurationPlatforms) = postSolution
		{D6572909-A858-45FC-9E27-CD6322744EA2}.Debug|Any CPU.ActiveCfg = Debug|Any CPU
		{D6572909-A858-45FC-9E27-CD6322744EA2}.Debug|Any CPU.Build.0 = Debug|Any CPU
		{D6572909-A858-45FC-9E27-CD6322744EA2}.Release|Any CPU.ActiveCfg = Release|Any CPU
		{D6572909-A858-45FC-9E27-CD6322744EA2}.Release|Any CPU.Build.0 = Release|Any CPU
		{D6003037-32D2-45B2-8E68-C77DF181268E}.Debug|Any CPU.ActiveCfg = Debug|Any CPU
		{D6003037-32D2-45B2-8E68-C77DF181268E}.Debug|Any CPU.Build.0 = Debug|Any CPU
		{D6003037-32D2-45B2-8E68-C77DF181268E}.Release|Any CPU.ActiveCfg = Release|Any CPU
		{D6003037-32D2-45B2-8E68-C77DF181268E}.Release|Any CPU.Build.0 = Release|Any CPU
	EndGlobalSection
	GlobalSection(SolutionProperties) = preSolution
		HideSolutionNode = FALSE
	EndGlobalSection
	GlobalSection(ExtensibilityGlobals) = postSolution
		SolutionGuid = {0130ECAA-CEE7-4F78-AF33-E5061F4BFD66}
	EndGlobalSection
EndGlobal
